
Microsoft Visual Studio Solution File, Format Version 12.00
# Visual Studio 14
VisualStudioVersion = 14.0.25420.1
MinimumVisualStudioVersion = 10.0.40219.1
Project("{FAE04EC0-301F-11D3-BF4B-00C04F79EFBC}") = "ThreadOverhead", "ThreadOverhead\ThreadOverhead.csproj", "{6DCCFCA3-9600-4A29-B391-26CA50C4EA90}"
EndProject
Project("{FAE04EC0-301F-11D3-BF4B-00C04F79EFBC}") = "AsyncAwaitDecompiled", "AsyncAwaitDecompiled\AsyncAwaitDecompiled.csproj", "{86780AEE-EA41-4927-960D-0E81C4D6D159}"
EndProject
Project("{FAE04EC0-301F-11D3-BF4B-00C04F79EFBC}") = "ThreadPoolBehaviorOnSleep", "ThreadPoolBehaviorOnSleep\ThreadPoolBehaviorOnSleep.csproj", "{4530B8CD-01AC-4A6E-AE44-94A901C4AF40}"
EndProject
Project("{FAE04EC0-301F-11D3-BF4B-00C04F79EFBC}") = "MultithreadingWithoutSynchronization", "MultithreadingWithoutSynchronization\MultithreadingWithoutSynchronization.csproj", "{B040752D-4F32-45FD-A2AB-37AC725A487B}"
EndProject
Project("{FAE04EC0-301F-11D3-BF4B-00C04F79EFBC}") = "MultithreadedCopying", "MultithreadedCopying\MultithreadedCopying.csproj", "{38197D7D-8A2A-407C-8186-E70D653C95A7}"
EndProject
Global
	GlobalSection(SolutionConfigurationPlatforms) = preSolution
		Debug|Any CPU = Debug|Any CPU
		Release|Any CPU = Release|Any CPU
	EndGlobalSection
	GlobalSection(ProjectConfigurationPlatforms) = postSolution
		{6DCCFCA3-9600-4A29-B391-26CA50C4EA90}.Debug|Any CPU.ActiveCfg = Debug|Any CPU
		{6DCCFCA3-9600-4A29-B391-26CA50C4EA90}.Debug|Any CPU.Build.0 = Debug|Any CPU
		{6DCCFCA3-9600-4A29-B391-26CA50C4EA90}.Release|Any CPU.ActiveCfg = Release|Any CPU
		{6DCCFCA3-9600-4A29-B391-26CA50C4EA90}.Release|Any CPU.Build.0 = Release|Any CPU
		{86780AEE-EA41-4927-960D-0E81C4D6D159}.Debug|Any CPU.ActiveCfg = Debug|Any CPU
		{86780AEE-EA41-4927-960D-0E81C4D6D159}.Debug|Any CPU.Build.0 = Debug|Any CPU
		{86780AEE-EA41-4927-960D-0E81C4D6D159}.Release|Any CPU.ActiveCfg = Release|Any CPU
		{86780AEE-EA41-4927-960D-0E81C4D6D159}.Release|Any CPU.Build.0 = Release|Any CPU
		{4530B8CD-01AC-4A6E-AE44-94A901C4AF40}.Debug|Any CPU.ActiveCfg = Debug|Any CPU
		{4530B8CD-01AC-4A6E-AE44-94A901C4AF40}.Debug|Any CPU.Build.0 = Debug|Any CPU
		{4530B8CD-01AC-4A6E-AE44-94A901C4AF40}.Release|Any CPU.ActiveCfg = Release|Any CPU
		{4530B8CD-01AC-4A6E-AE44-94A901C4AF40}.Release|Any CPU.Build.0 = Release|Any CPU
		{B040752D-4F32-45FD-A2AB-37AC725A487B}.Debug|Any CPU.ActiveCfg = Debug|Any CPU
		{B040752D-4F32-45FD-A2AB-37AC725A487B}.Debug|Any CPU.Build.0 = Debug|Any CPU
		{B040752D-4F32-45FD-A2AB-37AC725A487B}.Release|Any CPU.ActiveCfg = Release|Any CPU
		{B040752D-4F32-45FD-A2AB-37AC725A487B}.Release|Any CPU.Build.0 = Release|Any CPU
		{38197D7D-8A2A-407C-8186-E70D653C95A7}.Debug|Any CPU.ActiveCfg = Debug|Any CPU
		{38197D7D-8A2A-407C-8186-E70D653C95A7}.Debug|Any CPU.Build.0 = Debug|Any CPU
		{38197D7D-8A2A-407C-8186-E70D653C95A7}.Release|Any CPU.ActiveCfg = Release|Any CPU
		{38197D7D-8A2A-407C-8186-E70D653C95A7}.Release|Any CPU.Build.0 = Release|Any CPU
	EndGlobalSection
	GlobalSection(SolutionProperties) = preSolution
		HideSolutionNode = FALSE
	EndGlobalSection
EndGlobal
